
Microsoft Visual Studio Solution File, Format Version 12.00
# Visual Studio Version 17
VisualStudioVersion = 17.4.33403.182
MinimumVisualStudioVersion = 10.0.40219.1
Project("{9A19103F-16F7-4668-BE54-9A1E7A4F7556}") = "SampleHello", "SampleHello.csproj", "{7A03109F-304E-46EE-9CEE-181E1D3A6B6F}"
EndProject
Global
	GlobalSection(SolutionConfigurationPlatforms) = preSolution
		Debug|Any CPU = Debug|Any CPU
		Release|Any CPU = Release|Any CPU
	EndGlobalSection
	GlobalSection(ProjectConfigurationPlatforms) = postSolution
		{7A03109F-304E-46EE-9CEE-181E1D3A6B6F}.Debug|Any CPU.ActiveCfg = Debug|Any CPU
		{7A03109F-304E-46EE-9CEE-181E1D3A6B6F}.Debug|Any CPU.Build.0 = Debug|Any CPU
		{7A03109F-304E-46EE-9CEE-181E1D3A6B6F}.Release|Any CPU.ActiveCfg = Release|Any CPU
		{7A03109F-304E-46EE-9CEE-181E1D3A6B6F}.Release|Any CPU.Build.0 = Release|Any CPU
	EndGlobalSection
	GlobalSection(SolutionProperties) = preSolution
		HideSolutionNode = FALSE
	EndGlobalSection
	GlobalSection(ExtensibilityGlobals) = postSolution
		SolutionGuid = {89865A8E-5A84-475C-9461-780A8CC54CE3}
	EndGlobalSection
EndGlobal
