
Microsoft Visual Studio Solution File, Format Version 12.00
# Visual Studio Version 17
VisualStudioVersion = 17.4.33403.182
MinimumVisualStudioVersion = 10.0.40219.1
Project("{9A19103F-16F7-4668-BE54-9A1E7A4F7556}") = "SampleRoutingMvc", "SampleRoutingMvc.csproj", "{2A893F7C-761E-46D1-905A-39562A9C31D7}"
EndProject
Global
	GlobalSection(SolutionConfigurationPlatforms) = preSolution
		Debug|Any CPU = Debug|Any CPU
		Release|Any CPU = Release|Any CPU
	EndGlobalSection
	GlobalSection(ProjectConfigurationPlatforms) = postSolution
		{2A893F7C-761E-46D1-905A-39562A9C31D7}.Debug|Any CPU.ActiveCfg = Debug|Any CPU
		{2A893F7C-761E-46D1-905A-39562A9C31D7}.Debug|Any CPU.Build.0 = Debug|Any CPU
		{2A893F7C-761E-46D1-905A-39562A9C31D7}.Release|Any CPU.ActiveCfg = Release|Any CPU
		{2A893F7C-761E-46D1-905A-39562A9C31D7}.Release|Any CPU.Build.0 = Release|Any CPU
	EndGlobalSection
	GlobalSection(SolutionProperties) = preSolution
		HideSolutionNode = FALSE
	EndGlobalSection
	GlobalSection(ExtensibilityGlobals) = postSolution
		SolutionGuid = {8F7D3CEA-1072-4965-8EF0-B3B2831771AC}
	EndGlobalSection
EndGlobal
