
Microsoft Visual Studio Solution File, Format Version 12.00
# Visual Studio Version 17
VisualStudioVersion = 17.4.33403.182
MinimumVisualStudioVersion = 10.0.40219.1
Project("{FAE04EC0-301F-11D3-BF4B-00C04F79EFBC}") = "SampleWinAuthMvc", "SampleWinAuthMvc.csproj", "{77C389F9-9360-474E-8427-AA5638AA9F6A}"
EndProject
Global
	GlobalSection(SolutionConfigurationPlatforms) = preSolution
		Debug|Any CPU = Debug|Any CPU
		Release|Any CPU = Release|Any CPU
	EndGlobalSection
	GlobalSection(ProjectConfigurationPlatforms) = postSolution
		{77C389F9-9360-474E-8427-AA5638AA9F6A}.Debug|Any CPU.ActiveCfg = Debug|Any CPU
		{77C389F9-9360-474E-8427-AA5638AA9F6A}.Debug|Any CPU.Build.0 = Debug|Any CPU
		{77C389F9-9360-474E-8427-AA5638AA9F6A}.Release|Any CPU.ActiveCfg = Release|Any CPU
		{77C389F9-9360-474E-8427-AA5638AA9F6A}.Release|Any CPU.Build.0 = Release|Any CPU
	EndGlobalSection
	GlobalSection(SolutionProperties) = preSolution
		HideSolutionNode = FALSE
	EndGlobalSection
	GlobalSection(ExtensibilityGlobals) = postSolution
		SolutionGuid = {4CD5980E-8A9C-4613-AF9D-4628E96C65BE}
	EndGlobalSection
EndGlobal
