
Microsoft Visual Studio Solution File, Format Version 12.00
# Visual Studio Version 17
VisualStudioVersion = 17.4.33213.308
MinimumVisualStudioVersion = 10.0.40219.1
Project("{FAE04EC0-301F-11D3-BF4B-00C04F79EFBC}") = "SampleHelloMvc", "SampleHelloMvc.csproj", "{95C789D5-E250-47F5-A01F-F6527FB758FE}"
EndProject
Global
	GlobalSection(SolutionConfigurationPlatforms) = preSolution
		Debug|Any CPU = Debug|Any CPU
		Release|Any CPU = Release|Any CPU
	EndGlobalSection
	GlobalSection(ProjectConfigurationPlatforms) = postSolution
		{95C789D5-E250-47F5-A01F-F6527FB758FE}.Debug|Any CPU.ActiveCfg = Debug|Any CPU
		{95C789D5-E250-47F5-A01F-F6527FB758FE}.Debug|Any CPU.Build.0 = Debug|Any CPU
		{95C789D5-E250-47F5-A01F-F6527FB758FE}.Release|Any CPU.ActiveCfg = Release|Any CPU
		{95C789D5-E250-47F5-A01F-F6527FB758FE}.Release|Any CPU.Build.0 = Release|Any CPU
	EndGlobalSection
	GlobalSection(SolutionProperties) = preSolution
		HideSolutionNode = FALSE
	EndGlobalSection
	GlobalSection(ExtensibilityGlobals) = postSolution
		SolutionGuid = {5C452062-BC5C-4259-B1D6-641AA976570F}
	EndGlobalSection
EndGlobal
