
Microsoft Visual Studio Solution File, Format Version 12.00
# Visual Studio Version 17
VisualStudioVersion = 17.4.33213.308
MinimumVisualStudioVersion = 10.0.40219.1
Project("{9A19103F-16F7-4668-BE54-9A1E7A4F7556}") = "SampleAnnotationModel", "SampleAnnotationModel.csproj", "{D142F77A-9B1E-46BA-8310-1340DA9B0E47}"
EndProject
Global
	GlobalSection(SolutionConfigurationPlatforms) = preSolution
		Debug|Any CPU = Debug|Any CPU
		Release|Any CPU = Release|Any CPU
	EndGlobalSection
	GlobalSection(ProjectConfigurationPlatforms) = postSolution
		{D142F77A-9B1E-46BA-8310-1340DA9B0E47}.Debug|Any CPU.ActiveCfg = Debug|Any CPU
		{D142F77A-9B1E-46BA-8310-1340DA9B0E47}.Debug|Any CPU.Build.0 = Debug|Any CPU
		{D142F77A-9B1E-46BA-8310-1340DA9B0E47}.Release|Any CPU.ActiveCfg = Release|Any CPU
		{D142F77A-9B1E-46BA-8310-1340DA9B0E47}.Release|Any CPU.Build.0 = Release|Any CPU
	EndGlobalSection
	GlobalSection(SolutionProperties) = preSolution
		HideSolutionNode = FALSE
	EndGlobalSection
	GlobalSection(ExtensibilityGlobals) = postSolution
		SolutionGuid = {42FF538C-C879-4FF5-BD85-A28BE8A0FB8B}
	EndGlobalSection
EndGlobal
