
Microsoft Visual Studio Solution File, Format Version 12.00
# Visual Studio Version 17
VisualStudioVersion = 17.4.33213.308
MinimumVisualStudioVersion = 10.0.40219.1
Project("{9A19103F-16F7-4668-BE54-9A1E7A4F7556}") = "SampleWebApiMySQL", "SampleWebApiMySQL.csproj", "{C2F7D0D3-4D94-46B9-AACC-5F19F74DA1D9}"
EndProject
Global
	GlobalSection(SolutionConfigurationPlatforms) = preSolution
		Debug|Any CPU = Debug|Any CPU
		Release|Any CPU = Release|Any CPU
	EndGlobalSection
	GlobalSection(ProjectConfigurationPlatforms) = postSolution
		{C2F7D0D3-4D94-46B9-AACC-5F19F74DA1D9}.Debug|Any CPU.ActiveCfg = Debug|Any CPU
		{C2F7D0D3-4D94-46B9-AACC-5F19F74DA1D9}.Debug|Any CPU.Build.0 = Debug|Any CPU
		{C2F7D0D3-4D94-46B9-AACC-5F19F74DA1D9}.Release|Any CPU.ActiveCfg = Release|Any CPU
		{C2F7D0D3-4D94-46B9-AACC-5F19F74DA1D9}.Release|Any CPU.Build.0 = Release|Any CPU
	EndGlobalSection
	GlobalSection(SolutionProperties) = preSolution
		HideSolutionNode = FALSE
	EndGlobalSection
	GlobalSection(ExtensibilityGlobals) = postSolution
		SolutionGuid = {C735682E-4797-4F03-B358-B28C0942CA97}
	EndGlobalSection
EndGlobal
